
Microsoft Visual Studio Solution File, Format Version 12.00
# Visual Studio Version 17
VisualStudioVersion = 17.5.33424.131
MinimumVisualStudioVersion = 10.0.40219.1
Project("{8BC9CEB8-8B4A-11D0-8D11-00A0C91BC942}") = "github test", "github test.vcxproj", "{2BB88422-178E-4DBE-8C57-CC72EB1D4274}"
EndProject
Global
	GlobalSection(SolutionConfigurationPlatforms) = preSolution
		Debug|x64 = Debug|x64
		Debug|x86 = Debug|x86
		Release|x64 = Release|x64
		Release|x86 = Release|x86
	EndGlobalSection
	GlobalSection(ProjectConfigurationPlatforms) = postSolution
		{2BB88422-178E-4DBE-8C57-CC72EB1D4274}.Debug|x64.ActiveCfg = Debug|x64
		{2BB88422-178E-4DBE-8C57-CC72EB1D4274}.Debug|x64.Build.0 = Debug|x64
		{2BB88422-178E-4DBE-8C57-CC72EB1D4274}.Debug|x86.ActiveCfg = Debug|Win32
		{2BB88422-178E-4DBE-8C57-CC72EB1D4274}.Debug|x86.Build.0 = Debug|Win32
		{2BB88422-178E-4DBE-8C57-CC72EB1D4274}.Release|x64.ActiveCfg = Release|x64
		{2BB88422-178E-4DBE-8C57-CC72EB1D4274}.Release|x64.Build.0 = Release|x64
		{2BB88422-178E-4DBE-8C57-CC72EB1D4274}.Release|x86.ActiveCfg = Release|Win32
		{2BB88422-178E-4DBE-8C57-CC72EB1D4274}.Release|x86.Build.0 = Release|Win32
	EndGlobalSection
	GlobalSection(SolutionProperties) = preSolution
		HideSolutionNode = FALSE
	EndGlobalSection
	GlobalSection(ExtensibilityGlobals) = postSolution
		SolutionGuid = {C830BA38-8EB7-4CBF-9C0C-5D9BEDEFAF8C}
	EndGlobalSection
EndGlobal
